
Microsoft Visual Studio Solution File, Format Version 12.00
# Visual Studio Version 17
VisualStudioVersion = 17.14.36202.13 d17.14
MinimumVisualStudioVersion = 10.0.40219.1
Project("{FAE04EC0-301F-11D3-BF4B-00C04F79EFBC}") = "TMS", "TMS\TMS.csproj", "{FB793F07-693F-4DEB-B156-57D474020A9C}"
EndProject
Project("{2150E333-8FDC-42A3-9474-1A3956D46DE8}") = "src", "src", "{02EA681E-C7D8-13C7-8484-4AC65E1B71E8}"
EndProject
Project("{2150E333-8FDC-42A3-9474-1A3956D46DE8}") = "tests", "tests", "{AFF22CE4-39F7-4D3D-A240-63D4B1DFC67D}"
EndProject
Project("{FAE04EC0-301F-11D3-BF4B-00C04F79EFBC}") = "TMS.Domain", "TMS.Domain\TMS.Domain.csproj", "{C6BFCC74-3FD7-4544-8710-1429D0413A5D}"
EndProject
Project("{FAE04EC0-301F-11D3-BF4B-00C04F79EFBC}") = "TMS.Application", "TMS.Application\TMS.Application.csproj", "{8AEACAB3-CAFD-49D3-B909-C34AC02866F3}"
	ProjectSection(ProjectDependencies) = postProject
		{C6BFCC74-3FD7-4544-8710-1429D0413A5D} = {C6BFCC74-3FD7-4544-8710-1429D0413A5D}
	EndProjectSection
EndProject
Project("{FAE04EC0-301F-11D3-BF4B-00C04F79EFBC}") = "TMS.Infrastructure", "TMS.Infrastructure\TMS.Infrastructure.csproj", "{1F700A93-39C2-45BA-A389-F2CAC3BE259A}"
	ProjectSection(ProjectDependencies) = postProject
		{8AEACAB3-CAFD-49D3-B909-C34AC02866F3} = {8AEACAB3-CAFD-49D3-B909-C34AC02866F3}
		{C6BFCC74-3FD7-4544-8710-1429D0413A5D} = {C6BFCC74-3FD7-4544-8710-1429D0413A5D}
	EndProjectSection
EndProject
Project("{FAE04EC0-301F-11D3-BF4B-00C04F79EFBC}") = "TMS.API", "TMS.API\TMS.API.csproj", "{AEA327AA-7435-4C69-AB67-E7F1E89C626C}"
	ProjectSection(ProjectDependencies) = postProject
		{1F700A93-39C2-45BA-A389-F2CAC3BE259A} = {1F700A93-39C2-45BA-A389-F2CAC3BE259A}
		{8AEACAB3-CAFD-49D3-B909-C34AC02866F3} = {8AEACAB3-CAFD-49D3-B909-C34AC02866F3}
	EndProjectSection
EndProject
Project("{FAE04EC0-301F-11D3-BF4B-00C04F79EFBC}") = "TMS.GRPC", "TMS.GRPC\TMS.GRPC.csproj", "{DD338FDA-D166-4FE2-BBF5-3D6C7723ED88}"
	ProjectSection(ProjectDependencies) = postProject
		{1F700A93-39C2-45BA-A389-F2CAC3BE259A} = {1F700A93-39C2-45BA-A389-F2CAC3BE259A}
		{8AEACAB3-CAFD-49D3-B909-C34AC02866F3} = {8AEACAB3-CAFD-49D3-B909-C34AC02866F3}
	EndProjectSection
EndProject
Project("{FAE04EC0-301F-11D3-BF4B-00C04F79EFBC}") = "TMS.RazorPages", "TMS.RazorPages\TMS.RazorPages.csproj", "{4EE34395-3B59-400A-B149-E2AF2C9514F7}"
EndProject
Project("{FAE04EC0-301F-11D3-BF4B-00C04F79EFBC}") = "TMS.Domain.Tests", "TMS.Domain.Tests\TMS.Domain.Tests.csproj", "{547D90B6-BF1F-43F7-90BC-0D324C5C0ACA}"
	ProjectSection(ProjectDependencies) = postProject
		{C6BFCC74-3FD7-4544-8710-1429D0413A5D} = {C6BFCC74-3FD7-4544-8710-1429D0413A5D}
	EndProjectSection
EndProject
Project("{FAE04EC0-301F-11D3-BF4B-00C04F79EFBC}") = "TMS.Application.Tests", "TMS.Application.Tests\TMS.Application.Tests.csproj", "{BF0FF195-6684-46B2-A2CF-7D2D6FA323E6}"
	ProjectSection(ProjectDependencies) = postProject
		{8AEACAB3-CAFD-49D3-B909-C34AC02866F3} = {8AEACAB3-CAFD-49D3-B909-C34AC02866F3}
	EndProjectSection
EndProject
Project("{FAE04EC0-301F-11D3-BF4B-00C04F79EFBC}") = "TMS.API.Tests", "TMS.API.Tests\TMS.API.Tests.csproj", "{AA6C722B-DAA6-467D-919C-F36BBF5453B6}"
	ProjectSection(ProjectDependencies) = postProject
		{AEA327AA-7435-4C69-AB67-E7F1E89C626C} = {AEA327AA-7435-4C69-AB67-E7F1E89C626C}
	EndProjectSection
EndProject
Global
	GlobalSection(SolutionConfigurationPlatforms) = preSolution
		Debug|Any CPU = Debug|Any CPU
		Release|Any CPU = Release|Any CPU
	EndGlobalSection
	GlobalSection(ProjectConfigurationPlatforms) = postSolution
		{FB793F07-693F-4DEB-B156-57D474020A9C}.Debug|Any CPU.ActiveCfg = Debug|Any CPU
		{FB793F07-693F-4DEB-B156-57D474020A9C}.Debug|Any CPU.Build.0 = Debug|Any CPU
		{FB793F07-693F-4DEB-B156-57D474020A9C}.Release|Any CPU.ActiveCfg = Release|Any CPU
		{FB793F07-693F-4DEB-B156-57D474020A9C}.Release|Any CPU.Build.0 = Release|Any CPU
		{C6BFCC74-3FD7-4544-8710-1429D0413A5D}.Debug|Any CPU.ActiveCfg = Debug|Any CPU
		{C6BFCC74-3FD7-4544-8710-1429D0413A5D}.Debug|Any CPU.Build.0 = Debug|Any CPU
		{C6BFCC74-3FD7-4544-8710-1429D0413A5D}.Release|Any CPU.ActiveCfg = Release|Any CPU
		{C6BFCC74-3FD7-4544-8710-1429D0413A5D}.Release|Any CPU.Build.0 = Release|Any CPU
		{8AEACAB3-CAFD-49D3-B909-C34AC02866F3}.Debug|Any CPU.ActiveCfg = Debug|Any CPU
		{8AEACAB3-CAFD-49D3-B909-C34AC02866F3}.Debug|Any CPU.Build.0 = Debug|Any CPU
		{8AEACAB3-CAFD-49D3-B909-C34AC02866F3}.Release|Any CPU.ActiveCfg = Release|Any CPU
		{8AEACAB3-CAFD-49D3-B909-C34AC02866F3}.Release|Any CPU.Build.0 = Release|Any CPU
		{1F700A93-39C2-45BA-A389-F2CAC3BE259A}.Debug|Any CPU.ActiveCfg = Debug|Any CPU
		{1F700A93-39C2-45BA-A389-F2CAC3BE259A}.Debug|Any CPU.Build.0 = Debug|Any CPU
		{1F700A93-39C2-45BA-A389-F2CAC3BE259A}.Release|Any CPU.ActiveCfg = Release|Any CPU
		{1F700A93-39C2-45BA-A389-F2CAC3BE259A}.Release|Any CPU.Build.0 = Release|Any CPU
		{AEA327AA-7435-4C69-AB67-E7F1E89C626C}.Debug|Any CPU.ActiveCfg = Debug|Any CPU
		{AEA327AA-7435-4C69-AB67-E7F1E89C626C}.Debug|Any CPU.Build.0 = Debug|Any CPU
		{AEA327AA-7435-4C69-AB67-E7F1E89C626C}.Release|Any CPU.ActiveCfg = Release|Any CPU
		{AEA327AA-7435-4C69-AB67-E7F1E89C626C}.Release|Any CPU.Build.0 = Release|Any CPU
		{DD338FDA-D166-4FE2-BBF5-3D6C7723ED88}.Debug|Any CPU.ActiveCfg = Debug|Any CPU
		{DD338FDA-D166-4FE2-BBF5-3D6C7723ED88}.Debug|Any CPU.Build.0 = Debug|Any CPU
		{DD338FDA-D166-4FE2-BBF5-3D6C7723ED88}.Release|Any CPU.ActiveCfg = Release|Any CPU
		{DD338FDA-D166-4FE2-BBF5-3D6C7723ED88}.Release|Any CPU.Build.0 = Release|Any CPU
		{4EE34395-3B59-400A-B149-E2AF2C9514F7}.Debug|Any CPU.ActiveCfg = Debug|Any CPU
		{4EE34395-3B59-400A-B149-E2AF2C9514F7}.Debug|Any CPU.Build.0 = Debug|Any CPU
		{4EE34395-3B59-400A-B149-E2AF2C9514F7}.Release|Any CPU.ActiveCfg = Release|Any CPU
		{4EE34395-3B59-400A-B149-E2AF2C9514F7}.Release|Any CPU.Build.0 = Release|Any CPU
		{547D90B6-BF1F-43F7-90BC-0D324C5C0ACA}.Debug|Any CPU.ActiveCfg = Debug|Any CPU
		{547D90B6-BF1F-43F7-90BC-0D324C5C0ACA}.Debug|Any CPU.Build.0 = Debug|Any CPU
		{547D90B6-BF1F-43F7-90BC-0D324C5C0ACA}.Release|Any CPU.ActiveCfg = Release|Any CPU
		{547D90B6-BF1F-43F7-90BC-0D324C5C0ACA}.Release|Any CPU.Build.0 = Release|Any CPU
		{BF0FF195-6684-46B2-A2CF-7D2D6FA323E6}.Debug|Any CPU.ActiveCfg = Debug|Any CPU
		{BF0FF195-6684-46B2-A2CF-7D2D6FA323E6}.Debug|Any CPU.Build.0 = Debug|Any CPU
		{BF0FF195-6684-46B2-A2CF-7D2D6FA323E6}.Release|Any CPU.ActiveCfg = Release|Any CPU
		{BF0FF195-6684-46B2-A2CF-7D2D6FA323E6}.Release|Any CPU.Build.0 = Release|Any CPU
		{AA6C722B-DAA6-467D-919C-F36BBF5453B6}.Debug|Any CPU.ActiveCfg = Debug|Any CPU
		{AA6C722B-DAA6-467D-919C-F36BBF5453B6}.Debug|Any CPU.Build.0 = Debug|Any CPU
		{AA6C722B-DAA6-467D-919C-F36BBF5453B6}.Release|Any CPU.ActiveCfg = Release|Any CPU
		{AA6C722B-DAA6-467D-919C-F36BBF5453B6}.Release|Any CPU.Build.0 = Release|Any CPU
	EndGlobalSection
	GlobalSection(SolutionProperties) = preSolution
		HideSolutionNode = FALSE
	EndGlobalSection
	GlobalSection(NestedProjects) = preSolution
		{C6BFCC74-3FD7-4544-8710-1429D0413A5D} = {02EA681E-C7D8-13C7-8484-4AC65E1B71E8}
		{8AEACAB3-CAFD-49D3-B909-C34AC02866F3} = {02EA681E-C7D8-13C7-8484-4AC65E1B71E8}
		{1F700A93-39C2-45BA-A389-F2CAC3BE259A} = {02EA681E-C7D8-13C7-8484-4AC65E1B71E8}
		{AEA327AA-7435-4C69-AB67-E7F1E89C626C} = {02EA681E-C7D8-13C7-8484-4AC65E1B71E8}
		{DD338FDA-D166-4FE2-BBF5-3D6C7723ED88} = {02EA681E-C7D8-13C7-8484-4AC65E1B71E8}
		{4EE34395-3B59-400A-B149-E2AF2C9514F7} = {02EA681E-C7D8-13C7-8484-4AC65E1B71E8}
		{547D90B6-BF1F-43F7-90BC-0D324C5C0ACA} = {AFF22CE4-39F7-4D3D-A240-63D4B1DFC67D}
		{BF0FF195-6684-46B2-A2CF-7D2D6FA323E6} = {AFF22CE4-39F7-4D3D-A240-63D4B1DFC67D}
		{AA6C722B-DAA6-467D-919C-F36BBF5453B6} = {AFF22CE4-39F7-4D3D-A240-63D4B1DFC67D}
	EndGlobalSection
	GlobalSection(ExtensibilityGlobals) = postSolution
		SolutionGuid = {9A99256B-A2C9-44B2-A00B-BCA280E3FB3E}
	EndGlobalSection
EndGlobal
